// !$*UTF8*$!
{
	archiveVersion = 1;
	classes = {
	};
	objectVersion = 46;
	objects = {

/* Begin PBXBuildFile section */
		D4BB4FF01ED582F600889077 /* main.m in Sources */ = {isa = PBXBuildFile; fileRef = D4BB4FEF1ED582F600889077 /* main.m */; };
		D4BB4FF31ED582F600889077 /* AppDelegate.m in Sources */ = {isa = PBXBuildFile; fileRef = D4BB4FF21ED582F600889077 /* AppDelegate.m */; };
		D4BB4FF61ED582F600889077 /* ViewController.m in Sources */ = {isa = PBXBuildFile; fileRef = D4BB4FF51ED582F600889077 /* ViewController.m */; };
		D4BB4FF91ED582F600889077 /* Main.storyboard in Resources */ = {isa = PBXBuildFile; fileRef = D4BB4FF71ED582F600889077 /* Main.storyboard */; };
		D4BB4FFB1ED582F600889077 /* Assets.xcassets in Resources */ = {isa = PBXBuildFile; fileRef = D4BB4FFA1ED582F600889077 /* Assets.xcassets */; };
		D4BB4FFE1ED582F600889077 /* LaunchScreen.storyboard in Resources */ = {isa = PBXBuildFile; fileRef = D4BB4FFC1ED582F600889077 /* LaunchScreen.storyboard */; };
		D4BB50071ED5833500889077 /* TestView.m in Sources */ = {isa = PBXBuildFile; fileRef = D4BB50061ED5833500889077 /* TestView.m */; };
/* End PBXBuildFile section */

/* Begin PBXFileReference section */
		D4BB4FEB1ED582F600889077 /* test.app */ = {isa = PBXFileReference; explicitFileType = wrapper.application; includeInIndex = 0; path = test.app; sourceTree = BUILT_PRODUCTS_DIR; };
		D4BB4FEF1ED582F600889077 /* main.m */ = {isa = PBXFileReference; lastKnownFileType = sourcecode.c.objc; path = main.m; sourceTree = "<group>"; };
		D4BB4FF11ED582F600889077 /* AppDelegate.h */ = {isa = PBXFileReference; lastKnownFileType = sourcecode.c.h; path = AppDelegate.h; sourceTree = "<group>"; };
		D4BB4FF21ED582F600889077 /* AppDelegate.m */ = {isa = PBXFileReference; lastKnownFileType = sourcecode.c.objc; path = AppDelegate.m; sourceTree = "<group>"; };
		D4BB4FF41ED582F600889077 /* ViewController.h */ = {isa = PBXFileReference; lastKnownFileType = sourcecode.c.h; path = ViewController.h; sourceTree = "<group>"; };
		D4BB4FF51ED582F600889077 /* ViewController.m */ = {isa = PBXFileReference; lastKnownFileType = sourcecode.c.objc; path = ViewController.m; sourceTree = "<group>"; };
		D4BB4FF81ED582F600889077 /* Base */ = {isa = PBXFileReference; lastKnownFileType = file.storyboard; name = Base; path = Base.lproj/Main.storyboard; sourceTree = "<group>"; };
		D4BB4FFA1ED582F600889077 /* Assets.xcassets */ = {isa = PBXFileReference; lastKnownFileType = folder.assetcatalog; path = Assets.xcassets; sourceTree = "<group>"; };
		D4BB4FFD1ED582F600889077 /* Base */ = {isa = PBXFileReference; lastKnownFileType = file.storyboard; name = Base; path = Base.lproj/LaunchScreen.storyboard; sourceTree = "<group>"; };
		D4BB4FFF1ED582F600889077 /* Info.plist */ = {isa = PBXFileReference; lastKnownFileType = text.plist.xml; path = Info.plist; sourceTree = "<group>"; };
		D4BB50051ED5833500889077 /* TestView.h */ = {isa = PBXFileReference; fileEncoding = 4; lastKnownFileType = sourcecode.c.h; path = TestView.h; sourceTree = "<group>"; };
		D4BB50061ED5833500889077 /* TestView.m */ = {isa = PBXFileReference; fileEncoding = 4; lastKnownFileType = sourcecode.c.objc; path = TestView.m; sourceTree = "<group>"; };
/* End PBXFileReference section */

/* Begin PBXFrameworksBuildPhase section */
		D4BB4FE81ED582F600889077 /* Frameworks */ = {
			isa = PBXFrameworksBuildPhase;
			buildActionMask = 2147483647;
			files = (
			);
			runOnlyForDeploymentPostprocessing = 0;
		};
/* End PBXFrameworksBuildPhase section */

/* Begin PBXGroup section */
		D4BB4FE21ED582F500889077 = {
			isa = PBXGroup;
			children = (
				D4BB4FED1ED582F600889077 /* test */,
				D4BB4FEC1ED582F600889077 /* Products */,
			);
			sourceTree = "<group>";
		};
		D4BB4FEC1ED582F600889077 /* Products */ = {
			isa = PBXGroup;
			children = (
				D4BB4FEB1ED582F600889077 /* test.app */,
			);
			name = Products;
			sourceTree = "<group>";
		};
		D4BB4FED1ED582F600889077 /* test */ = {
			isa = PBXGroup;
			children = (
				D4BB4FF11ED582F600889077 /* AppDelegate.h */,
				D4BB4FF21ED582F600889077 /* AppDelegate.m */,
				D4BB4FF41ED582F600889077 /* ViewController.h */,
				D4BB4FF51ED582F600889077 /* ViewController.m */,
				D4BB4FF71ED582F600889077 /* Main.storyboard */,
				D4BB4FFA1ED582F600889077 /* Assets.xcassets */,
				D4BB4FFC1ED582F600889077 /* LaunchScreen.storyboard */,
				D4BB4FFF1ED582F600889077 /* Info.plist */,
				D4BB4FEE1ED582F600889077 /* Supporting Files */,
				D4BB50051ED5833500889077 /* TestView.h */,
				D4BB50061ED5833500889077 /* TestView.m */,
			);
			path = test;
			sourceTree = "<group>";
		};
		D4BB4FEE1ED582F600889077 /* Supporting Files */ = {
			isa = PBXGroup;
			children = (
				D4BB4FEF1ED582F600889077 /* main.m */,
			);
			name = "Supporting Files";
			sourceTree = "<group>";
		};
/* End PBXGroup section */

/* Begin PBXNativeTarget section */
		D4BB4FEA1ED582F600889077 /* test */ = {
			isa = PBXNativeTarget;
			buildConfigurationList = D4BB50021ED582F600889077 /* Build configuration list for PBXNativeTarget "test" */;
			buildPhases = (
				D4BB4FE71ED582F600889077 /* Sources */,
				D4BB4FE81ED582F600889077 /* Frameworks */,
				D4BB4FE91ED582F600889077 /* Resources */,
			);
			buildRules = (
			);
			dependencies = (
			);
			name = test;
			productName = test;
			productReference = D4BB4FEB1ED582F600889077 /* test.app */;
			productType = "com.apple.product-type.application";
		};
/* End PBXNativeTarget section */

/* Begin PBXProject section */
		D4BB4FE31ED582F500889077 /* Project object */ = {
			isa = PBXProject;
			attributes = {
				LastUpgradeCheck = 0830;
				ORGANIZATIONNAME = tanson;
				TargetAttributes = {
					D4BB4FEA1ED582F600889077 = {
						CreatedOnToolsVersion = 8.3.2;
						ProvisioningStyle = Automatic;
					};
				};
			};
			buildConfigurationList = D4BB4FE61ED582F500889077 /* Build configuration list for PBXProject "test" */;
			compatibilityVersion = "Xcode 3.2";
			developmentRegion = English;
			hasScannedForEncodings = 0;
			knownRegions = (
				en,
				Base,
			);
			mainGroup = D4BB4FE21ED582F500889077;
			productRefGroup = D4BB4FEC1ED582F600889077 /* Products */;
			projectDirPath = "";
			projectRoot = "";
			targets = (
				D4BB4FEA1ED582F600889077 /* test */,
			);
		};
/* End PBXProject section */

/* Begin PBXResourcesBuildPhase section */
		D4BB4FE91ED582F600889077 /* Resources */ = {
			isa = PBXResourcesBuildPhase;
			buildActionMask = 2147483647;
			files = (
				D4BB4FFE1ED582F600889077 /* LaunchScreen.storyboard in Resources */,
				D4BB4FFB1ED582F600889077 /* Assets.xcassets in Resources */,
				D4BB4FF91ED582F600889077 /* Main.storyboard in Resources */,
			);
			runOnlyForDeploymentPostprocessing = 0;
		};
/* End PBXResourcesBuildPhase section */

/* Begin PBXSourcesBuildPhase section */
		D4BB4FE71ED582F600889077 /* Sources */ = {
			isa = PBXSourcesBuildPhase;
			buildActionMask = 2147483647;
			files = (
				D4BB50071ED5833500889077 /* TestView.m in Sources */,
				D4BB4FF61ED582F600889077 /* ViewController.m in Sources */,
				D4BB4FF31ED582F600889077 /* AppDelegate.m in Sources */,
				D4BB4FF01ED582F600889077 /* main.m in Sources */,
			);
			runOnlyForDeploymentPostprocessing = 0;
		};
/* End PBXSourcesBuildPhase section */

/* Begin PBXVariantGroup section */
		D4BB4FF71ED582F600889077 /* Main.storyboard */ = {
			isa = PBXVariantGroup;
			children = (
				D4BB4FF81ED582F600889077 /* Base */,
			);
			name = Main.storyboard;
			sourceTree = "<group>";
		};
		D4BB4FFC1ED582F600889077 /* LaunchScreen.storyboard */ = {
			isa = PBXVariantGroup;
			children = (
				D4BB4FFD1ED582F600889077 /* Base */,
			);
			name = LaunchScreen.storyboard;
			sourceTree = "<group>";
		};
/* End PBXVariantGroup section */

/* Begin XCBuildConfiguration section */
		D4BB50001ED582F600889077 /* Debug */ = {
			isa = XCBuildConfiguration;
			buildSettings = {
				ALWAYS_SEARCH_USER_PATHS = NO;
				CLANG_ANALYZER_NONNULL = YES;
				CLANG_ANALYZER_NUMBER_OBJECT_CONVERSION = YES_AGGRESSIVE;
				CLANG_CXX_LANGUAGE_STANDARD = "gnu++0x";
				CLANG_CXX_LIBRARY = "libc++";
				CLANG_ENABLE_MODULES = YES;
				CLANG_ENABLE_OBJC_ARC = YES;
				CLANG_WARN_BOOL_CONVERSION = YES;
				CLANG_WARN_CONSTANT_CONVERSION = YES;
				CLANG_WARN_DIRECT_OBJC_ISA_USAGE = YES_ERROR;
				CLANG_WARN_DOCUMENTATION_COMMENTS = YES;
				CLANG_WARN_EMPTY_BODY = YES;
				CLANG_WARN_ENUM_CONVERSION = YES;
				CLANG_WARN_INFINITE_RECURSION = YES;
				CLANG_WARN_INT_CONVERSION = YES;
				CLANG_WARN_OBJC_ROOT_CLASS = YES_ERROR;
				CLANG_WARN_SUSPICIOUS_MOVE = YES;
				CLANG_WARN_UNREACHABLE_CODE = YES;
				CLANG_WARN__DUPLICATE_METHOD_MATCH = YES;
				"CODE_SIGN_IDENTITY[sdk=iphoneos*]" = "iPhone Developer";
				COPY_PHASE_STRIP = NO;
				DEBUG_INFORMATION_FORMAT = dwarf;
				ENABLE_STRICT_OBJC_MSGSEND = YES;
				ENABLE_TESTABILITY = YES;
				GCC_C_LANGUAGE_STANDARD = gnu99;
				GCC_DYNAMIC_NO_PIC = NO;
				GCC_NO_COMMON_BLOCKS = YES;
				GCC_OPTIMIZATION_LEVEL = 0;
				GCC_PREPROCESSOR_DEFINITIONS = (
					"DEBUG=1",
					"$(inherited)",
				);
				GCC_WARN_64_TO_32_BIT_CONVERSION = YES;
				GCC_WARN_ABOUT_RETURN_TYPE = YES_ERROR;
				GCC_WARN_UNDECLARED_SELECTOR = YES;
				GCC_WARN_UNINITIALIZED_AUTOS = YES_AGGRESSIVE;
				GCC_WARN_UNUSED_FUNCTION = YES;
				GCC_WARN_UNUSED_VARIABLE = YES;
				IPHONEOS_DEPLOYMENT_TARGET = 10.3;
				MTL_ENABLE_DEBUG_INFO = YES;
				ONLY_ACTIVE_ARCH = YES;
				SDKROOT = iphoneos;
			};
			name = Debug;
		};
		D4BB50011ED582F600889077 /* Release */ = {
			isa = XCBuildConfiguration;
			buildSettings = {
				ALWAYS_SEARCH_USER_PATHS = NO;
				CLANG_ANALYZER_NONNULL = YES;
				CLANG_ANALYZER_NUMBER_OBJECT_CONVERSION = YES_AGGRESSIVE;
				CLANG_CXX_LANGUAGE_STANDARD = "gnu++0x";
				CLANG_CXX_LIBRARY = "libc++";
				CLANG_ENABLE_MODULES = YES;
				CLANG_ENABLE_OBJC_ARC = YES;
				CLANG_WARN_BOOL_CONVERSION = YES;
				CLANG_WARN_CONSTANT_CONVERSION = YES;
				CLANG_WARN_DIRECT_OBJC_ISA_USAGE = YES_ERROR;
				CLANG_WARN_DOCUMENTATION_COMMENTS = YES;
				CLANG_WARN_EMPTY_BODY = YES;
				CLANG_WARN_ENUM_CONVERSION = YES;
				CLANG_WARN_INFINITE_RECURSION = YES;
				CLANG_WARN_INT_CONVERSION = YES;
				CLANG_WARN_OBJC_ROOT_CLASS = YES_ERROR;
				CLANG_WARN_SUSPICIOUS_MOVE = YES;
				CLANG_WARN_UNREACHABLE_CODE = YES;
				CLANG_WARN__DUPLICATE_METHOD_MATCH = YES;
				"CODE_SIGN_IDENTITY[sdk=iphoneos*]" = "iPhone Developer";
				COPY_PHASE_STRIP = NO;
				DEBUG_INFORMATION_FORMAT = "dwarf-with-dsym";
				ENABLE_NS_ASSERTIONS = NO;
				ENABLE_STRICT_OBJC_MSGSEND = YES;
				GCC_C_LANGUAGE_STANDARD = gnu99;
				GCC_NO_COMMON_BLOCKS = YES;
				GCC_WARN_64_TO_32_BIT_CONVERSION = YES;
				GCC_WARN_ABOUT_RETURN_TYPE = YES_ERROR;
				GCC_WARN_UNDECLARED_SELECTOR = YES;
				GCC_WARN_UNINITIALIZED_AUTOS = YES_AGGRESSIVE;
				GCC_WARN_UNUSED_FUNCTION = YES;
				GCC_WARN_UNUSED_VARIABLE = YES;
				IPHONEOS_DEPLOYMENT_TARGET = 10.3;
				MTL_ENABLE_DEBUG_INFO = NO;
				SDKROOT = iphoneos;
				VALIDATE_PRODUCT = YES;
			};
			name = Release;
		};
		D4BB50031ED582F600889077 /* Debug */ = {
			isa = XCBuildConfiguration;
			buildSettings = {
				ASSETCATALOG_COMPILER_APPICON_NAME = AppIcon;
				INFOPLIST_FILE = test/Info.plist;
				LD_RUNPATH_SEARCH_PATHS = "$(inherited) @executable_path/Frameworks";
				PRODUCT_BUNDLE_IDENTIFIER = com.tanson.test;
				PRODUCT_NAME = "$(TARGET_NAME)";
			};
			name = Debug;
		};
		D4BB50041ED582F600889077 /* Release */ = {
			isa = XCBuildConfiguration;
			buildSettings = {
				ASSETCATALOG_COMPILER_APPICON_NAME = AppIcon;
				INFOPLIST_FILE = test/Info.plist;
				LD_RUNPATH_SEARCH_PATHS = "$(inherited) @executable_path/Frameworks";
				PRODUCT_BUNDLE_IDENTIFIER = com.tanson.test;
				PRODUCT_NAME = "$(TARGET_NAME)";
			};
			name = Release;
		};
/* End XCBuildConfiguration section */

/* Begin XCConfigurationList section */
		D4BB4FE61ED582F500889077 /* Build configuration list for PBXProject "test" */ = {
			isa = XCConfigurationList;
			buildConfigurations = (
				D4BB50001ED582F600889077 /* Debug */,
				D4BB50011ED582F600889077 /* Release */,
			);
			defaultConfigurationIsVisible = 0;
			defaultConfigurationName = Release;
		};
		D4BB50021ED582F600889077 /* Build configuration list for PBXNativeTarget "test" */ = {
			isa = XCConfigurationList;
			buildConfigurations = (
				D4BB50031ED582F600889077 /* Debug */,
				D4BB50041ED582F600889077 /* Release */,
			);
			defaultConfigurationIsVisible = 0;
		};
/* End XCConfigurationList section */
	};
	rootObject = D4BB4FE31ED582F500889077 /* Project object */;
}
